
Microsoft Visual Studio Solution File, Format Version 12.00
# Visual Studio 15
VisualStudioVersion = 15.0.26730.12
MinimumVisualStudioVersion = 10.0.40219.1
Project("{FAE04EC0-301F-11D3-BF4B-00C04F79EFBC}") = "MVCLAbTasks", "MVCLAbTasks\MVCLAbTasks.csproj", "{E0C1D12F-8476-4AAF-A897-637662857FFD}"
EndProject
Project("{FAE04EC0-301F-11D3-BF4B-00C04F79EFBC}") = "BusinessLogicLayer", "BusinessLogicLayer\BusinessLogicLayer.csproj", "{C2A05F1B-83B3-4254-A89A-A9E36C155959}"
EndProject
Project("{FAE04EC0-301F-11D3-BF4B-00C04F79EFBC}") = "DataAccessLayer", "DataAccessLayer\DataAccessLayer.csproj", "{DD977EAE-6C94-4FB3-89D6-95517E2F80AA}"
EndProject
Project("{FAE04EC0-301F-11D3-BF4B-00C04F79EFBC}") = "BusinessLogicLayerTests", "BusinessLogicLayerTests\BusinessLogicLayerTests.csproj", "{F33E84B2-EEA2-4B09-98BA-775807A36D41}"
EndProject
Global
	GlobalSection(SolutionConfigurationPlatforms) = preSolution
		Debug|Any CPU = Debug|Any CPU
		Release|Any CPU = Release|Any CPU
	EndGlobalSection
	GlobalSection(ProjectConfigurationPlatforms) = postSolution
		{E0C1D12F-8476-4AAF-A897-637662857FFD}.Debug|Any CPU.ActiveCfg = Debug|Any CPU
		{E0C1D12F-8476-4AAF-A897-637662857FFD}.Debug|Any CPU.Build.0 = Debug|Any CPU
		{E0C1D12F-8476-4AAF-A897-637662857FFD}.Release|Any CPU.ActiveCfg = Release|Any CPU
		{E0C1D12F-8476-4AAF-A897-637662857FFD}.Release|Any CPU.Build.0 = Release|Any CPU
		{C2A05F1B-83B3-4254-A89A-A9E36C155959}.Debug|Any CPU.ActiveCfg = Debug|Any CPU
		{C2A05F1B-83B3-4254-A89A-A9E36C155959}.Debug|Any CPU.Build.0 = Debug|Any CPU
		{C2A05F1B-83B3-4254-A89A-A9E36C155959}.Release|Any CPU.ActiveCfg = Release|Any CPU
		{C2A05F1B-83B3-4254-A89A-A9E36C155959}.Release|Any CPU.Build.0 = Release|Any CPU
		{DD977EAE-6C94-4FB3-89D6-95517E2F80AA}.Debug|Any CPU.ActiveCfg = Debug|Any CPU
		{DD977EAE-6C94-4FB3-89D6-95517E2F80AA}.Debug|Any CPU.Build.0 = Debug|Any CPU
		{DD977EAE-6C94-4FB3-89D6-95517E2F80AA}.Release|Any CPU.ActiveCfg = Release|Any CPU
		{DD977EAE-6C94-4FB3-89D6-95517E2F80AA}.Release|Any CPU.Build.0 = Release|Any CPU
		{F33E84B2-EEA2-4B09-98BA-775807A36D41}.Debug|Any CPU.ActiveCfg = Debug|Any CPU
		{F33E84B2-EEA2-4B09-98BA-775807A36D41}.Debug|Any CPU.Build.0 = Debug|Any CPU
		{F33E84B2-EEA2-4B09-98BA-775807A36D41}.Release|Any CPU.ActiveCfg = Release|Any CPU
		{F33E84B2-EEA2-4B09-98BA-775807A36D41}.Release|Any CPU.Build.0 = Release|Any CPU
	EndGlobalSection
	GlobalSection(SolutionProperties) = preSolution
		HideSolutionNode = FALSE
	EndGlobalSection
	GlobalSection(ExtensibilityGlobals) = postSolution
		SolutionGuid = {9FB65F96-2648-454C-97EA-6C0FCA1CB7BD}
	EndGlobalSection
EndGlobal
